
Microsoft Visual Studio Solution File, Format Version 12.00
# Visual Studio Version 16
VisualStudioVersion = 16.0.30907.101
MinimumVisualStudioVersion = 10.0.40219.1
Project("{FAE04EC0-301F-11D3-BF4B-00C04F79EFBC}") = "DriversAPI", "DriversAPI.csproj", "{822C8FD9-AA84-4236-80A0-5C863342A624}"
EndProject
Global
	GlobalSection(SolutionConfigurationPlatforms) = preSolution
		Debug|Any CPU = Debug|Any CPU
		Release|Any CPU = Release|Any CPU
	EndGlobalSection
	GlobalSection(ProjectConfigurationPlatforms) = postSolution
		{822C8FD9-AA84-4236-80A0-5C863342A624}.Debug|Any CPU.ActiveCfg = Debug|Any CPU
		{822C8FD9-AA84-4236-80A0-5C863342A624}.Debug|Any CPU.Build.0 = Debug|Any CPU
		{822C8FD9-AA84-4236-80A0-5C863342A624}.Release|Any CPU.ActiveCfg = Release|Any CPU
		{822C8FD9-AA84-4236-80A0-5C863342A624}.Release|Any CPU.Build.0 = Release|Any CPU
	EndGlobalSection
	GlobalSection(SolutionProperties) = preSolution
		HideSolutionNode = FALSE
	EndGlobalSection
	GlobalSection(ExtensibilityGlobals) = postSolution
		SolutionGuid = {1539EF30-280E-4144-B025-4351A161742F}
	EndGlobalSection
EndGlobal
